
Microsoft Visual Studio Solution File, Format Version 12.00
# Visual Studio Version 17
VisualStudioVersion = 17.14.36429.23 d17.14
MinimumVisualStudioVersion = 10.0.40219.1
Project("{888888A0-9F3D-457C-B088-3A5042F75D52}") = "i2pc", "i2pc.pyproj", "{CE0AE4E9-EB83-4581-8571-D7F47AFF76CF}"
EndProject
Global
	GlobalSection(SolutionConfigurationPlatforms) = preSolution
		Debug|Any CPU = Debug|Any CPU
		Release|Any CPU = Release|Any CPU
	EndGlobalSection
	GlobalSection(ProjectConfigurationPlatforms) = postSolution
		{CE0AE4E9-EB83-4581-8571-D7F47AFF76CF}.Debug|Any CPU.ActiveCfg = Debug|Any CPU
		{CE0AE4E9-EB83-4581-8571-D7F47AFF76CF}.Release|Any CPU.ActiveCfg = Release|Any CPU
	EndGlobalSection
	GlobalSection(SolutionProperties) = preSolution
		HideSolutionNode = FALSE
	EndGlobalSection
	GlobalSection(ExtensibilityGlobals) = postSolution
		SolutionGuid = {1649AC4A-4DC6-4865-BC51-9F3045606193}
	EndGlobalSection
EndGlobal
